{
  "nodes": {
    "catppuccin": {
      "inputs": {
        "nixpkgs": [
          "nixpkgs"
        ]
      },
      "locked": {
        "lastModified": 1764325801,
        "narHash": "sha256-LQ7tsrXs1wuB6KBwUctL3JlUsG/FWI2pCI6NkoO52dk=",
        "owner": "catppuccin",
        "repo": "nix",
        "rev": "a696fed6b9b6aa89ef495842cdca3fc2a7cef0de",
        "type": "github"
      },
      "original": {
        "owner": "catppuccin",
        "repo": "nix",
        "type": "github"
      }
    },
    "crane": {
      "locked": {
        "lastModified": 1753316655,
        "narHash": "sha256-tzWa2kmTEN69OEMhxFy+J2oWSvZP5QhEgXp3TROOzl0=",
        "owner": "ipetkov",
        "repo": "crane",
        "rev": "f35a3372d070c9e9ccb63ba7ce347f0634ddf3d2",
        "type": "github"
      },
      "original": {
        "owner": "ipetkov",
        "repo": "crane",
        "type": "github"
      }
    },
    "dankMaterialShell": {
      "inputs": {
        "dgop": [
          "dgop"
        ],
        "nixpkgs": [
          "nixpkgs"
        ]
      },
      "locked": {
        "lastModified": 1764650935,
        "narHash": "sha256-WGNMbRgdVKaqhe2T/rP3b0GMre0IZuiRfNALiaKPznA=",
        "owner": "AvengeMedia",
        "repo": "DankMaterialShell",
        "rev": "f96a2e2325a364bb347054cd2ac2de145bc417dd",
        "type": "github"
      },
      "original": {
        "owner": "AvengeMedia",
        "repo": "DankMaterialShell",
        "type": "github"
      }
    },
    "dgop": {
      "inputs": {
        "nixpkgs": [
          "nixpkgs"
        ]
      },
      "locked": {
        "lastModified": 1762835999,
        "narHash": "sha256-UykYGrGFOFTmDpKTLNxj1wvd1gbDG4TkqLNSbV0TYwk=",
        "owner": "AvengeMedia",
        "repo": "dgop",
        "rev": "799301991cd5dcea9b64245f9d500dcc76615653",
        "type": "github"
      },
      "original": {
        "owner": "AvengeMedia",
        "repo": "dgop",
        "type": "github"
      }
    },
    "fff-nvim": {
      "inputs": {
        "crane": "crane",
        "flake-utils": "flake-utils",
        "nixpkgs": "nixpkgs",
        "rust-overlay": "rust-overlay"
      },
      "locked": {
        "lastModified": 1762195701,
        "narHash": "sha256-rGfV/BxSwvcNZXmVUk54gni8fKFyoTsQl+gBtYci4jE=",
        "owner": "dmtrKovalenko",
        "repo": "fff.nvim",
        "rev": "65aeacf9e2c663c9af2b1003727aa25acac96db4",
        "type": "github"
      },
      "original": {
        "owner": "dmtrKovalenko",
        "repo": "fff.nvim",
        "type": "github"
      }
    },
    "flake-compat": {
      "flake": false,
      "locked": {
        "lastModified": 1751685974,
        "narHash": "sha256-NKw96t+BgHIYzHUjkTK95FqYRVKB8DHpVhefWSz/kTw=",
        "ref": "refs/heads/main",
        "rev": "549f2762aebeff29a2e5ece7a7dc0f955281a1d1",
        "revCount": 92,
        "type": "git",
        "url": "https://git.lix.systems/lix-project/flake-compat.git"
      },
      "original": {
        "type": "git",
        "url": "https://git.lix.systems/lix-project/flake-compat.git"
      }
    },
    "flake-parts": {
      "inputs": {
        "nixpkgs-lib": [
          "ned",
          "nvf",
          "nixpkgs"
        ]
      },
      "locked": {
        "lastModified": 1760948891,
        "narHash": "sha256-TmWcdiUUaWk8J4lpjzu4gCGxWY6/Ok7mOK4fIFfBuU4=",
        "owner": "hercules-ci",
        "repo": "flake-parts",
        "rev": "864599284fc7c0ba6357ed89ed5e2cd5040f0c04",
        "type": "github"
      },
      "original": {
        "owner": "hercules-ci",
        "repo": "flake-parts",
        "type": "github"
      }
    },
    "flake-utils": {
      "inputs": {
        "systems": "systems_2"
      },
      "locked": {
        "lastModified": 1731533236,
        "narHash": "sha256-l0KFg5HjrsfsO/JpG+r7fRrqm12kzFHyUHqHCVpMMbI=",
        "owner": "numtide",
        "repo": "flake-utils",
        "rev": "11707dc2f618dd54ca8739b309ec4fc024de578b",
        "type": "github"
      },
      "original": {
        "owner": "numtide",
        "repo": "flake-utils",
        "type": "github"
      }
    },
    "flake-utils_2": {
      "inputs": {
        "systems": "systems_3"
      },
      "locked": {
        "lastModified": 1731533236,
        "narHash": "sha256-l0KFg5HjrsfsO/JpG+r7fRrqm12kzFHyUHqHCVpMMbI=",
        "owner": "numtide",
        "repo": "flake-utils",
        "rev": "11707dc2f618dd54ca8739b309ec4fc024de578b",
        "type": "github"
      },
      "original": {
        "owner": "numtide",
        "repo": "flake-utils",
        "type": "github"
      }
    },
    "home-manager": {
      "inputs": {
        "nixpkgs": [
          "nixpkgs"
        ]
      },
      "locked": {
        "lastModified": 1764636297,
        "narHash": "sha256-S41K55kw+hWgDfgKmZ9/fMZ3F0BQDMvqFfE120fMHeE=",
        "owner": "nix-community",
        "repo": "home-manager",
        "rev": "ff067cfc619fdf6f82d50344e7d19ff2323f0827",
        "type": "github"
      },
      "original": {
        "owner": "nix-community",
        "repo": "home-manager",
        "type": "github"
      }
    },
    "matugen": {
      "inputs": {
        "nixpkgs": [
          "nixpkgs"
        ],
        "systems": "systems"
      },
      "locked": {
        "lastModified": 1764628582,
        "narHash": "sha256-GFEXy+pUaqw1odT0+IbQP327YjGIb+XmovezaPKipZc=",
        "owner": "InioX",
        "repo": "Matugen",
        "rev": "491e52d1dc2ba6868ed704aed8fa97325a7f0f5f",
        "type": "github"
      },
      "original": {
        "owner": "InioX",
        "repo": "Matugen",
        "type": "github"
      }
    },
    "mnw": {
      "locked": {
        "lastModified": 1758834834,
        "narHash": "sha256-Y7IvY4F8vajZyp3WGf+KaiIVwondEkMFkt92Cr9NZmg=",
        "owner": "Gerg-L",
        "repo": "mnw",
        "rev": "cfbc7d1cc832e318d0863a5fc91d940a96034001",
        "type": "github"
      },
      "original": {
        "owner": "Gerg-L",
        "repo": "mnw",
        "type": "github"
      }
    },
    "ned": {
      "inputs": {
        "fff-nvim": "fff-nvim",
        "flake-utils": "flake-utils_2",
        "nixpkgs": [
          "nixpkgs"
        ],
        "nvf": "nvf"
      },
      "locked": {
        "lastModified": 1764682279,
        "narHash": "sha256-o7YKRelYMzLiRRnkdaSjq6XEo8BgU+KgLU8clny1R5E=",
        "path": "/home/will/src/bitcoin-dev-tools/ned",
        "type": "path"
      },
      "original": {
        "path": "/home/will/src/bitcoin-dev-tools/ned",
        "type": "path"
      }
    },
    "niri": {
      "inputs": {
        "niri-stable": "niri-stable",
        "niri-unstable": "niri-unstable",
        "nixpkgs": [
          "nixpkgs"
        ],
        "nixpkgs-stable": "nixpkgs-stable",
        "xwayland-satellite-stable": "xwayland-satellite-stable",
        "xwayland-satellite-unstable": "xwayland-satellite-unstable"
      },
      "locked": {
        "lastModified": 1764659906,
        "narHash": "sha256-GV5/TfQCW37mZ5R2oyrklptgRdSZrOoXs5cpz1I/8Uk=",
        "owner": "sodiboo",
        "repo": "niri-flake",
        "rev": "6e349f78f8df536aac24e04a64fdc79ae0e02ed3",
        "type": "github"
      },
      "original": {
        "owner": "sodiboo",
        "repo": "niri-flake",
        "type": "github"
      }
    },
    "niri-stable": {
      "flake": false,
      "locked": {
        "lastModified": 1756556321,
        "narHash": "sha256-RLD89dfjN0RVO86C/Mot0T7aduCygPGaYbog566F0Qo=",
        "owner": "YaLTeR",
        "repo": "niri",
        "rev": "01be0e65f4eb91a9cd624ac0b76aaeab765c7294",
        "type": "github"
      },
      "original": {
        "owner": "YaLTeR",
        "ref": "v25.08",
        "repo": "niri",
        "type": "github"
      }
    },
    "niri-unstable": {
      "flake": false,
      "locked": {
        "lastModified": 1764485473,
        "narHash": "sha256-RlGEcuZFB/IdvYLrYsf0RpgvNtCMyIuBLt3lS+GZvP8=",
        "owner": "YaLTeR",
        "repo": "niri",
        "rev": "311ca6b5da19f5acd7d3e481620de57240ce8f7c",
        "type": "github"
      },
      "original": {
        "owner": "YaLTeR",
        "repo": "niri",
        "type": "github"
      }
    },
    "nixpkgs": {
      "locked": {
        "lastModified": 1754060105,
        "narHash": "sha256-di5L6e5Iiv+oegS07j9h23FdqEpXn0ZQqMlDOEMw1EY=",
        "owner": "NixOS",
        "repo": "nixpkgs",
        "rev": "e7eabdc701d7dbb810fd91a97ec358caa4c1fc50",
        "type": "github"
      },
      "original": {
        "owner": "NixOS",
        "ref": "nixpkgs-unstable",
        "repo": "nixpkgs",
        "type": "github"
      }
    },
    "nixpkgs-stable": {
      "locked": {
        "lastModified": 1764560356,
        "narHash": "sha256-M5aFEFPppI4UhdOxwdmceJ9bDJC4T6C6CzCK1E2FZyo=",
        "owner": "NixOS",
        "repo": "nixpkgs",
        "rev": "6c8f0cca84510cc79e09ea99a299c9bc17d03cb6",
        "type": "github"
      },
      "original": {
        "owner": "NixOS",
        "ref": "nixos-25.05",
        "repo": "nixpkgs",
        "type": "github"
      }
    },
    "nixpkgs_2": {
      "locked": {
        "lastModified": 1764517877,
        "narHash": "sha256-pp3uT4hHijIC8JUK5MEqeAWmParJrgBVzHLNfJDZxg4=",
        "owner": "nixos",
        "repo": "nixpkgs",
        "rev": "2d293cbfa5a793b4c50d17c05ef9e385b90edf6c",
        "type": "github"
      },
      "original": {
        "owner": "nixos",
        "ref": "nixos-unstable",
        "repo": "nixpkgs",
        "type": "github"
      }
    },
    "nvf": {
      "inputs": {
        "flake-compat": "flake-compat",
        "flake-parts": "flake-parts",
        "mnw": "mnw",
        "nixpkgs": [
          "ned",
          "nixpkgs"
        ],
        "systems": "systems_4"
      },
      "locked": {
        "lastModified": 1764300702,
        "narHash": "sha256-JytizsFCUjx2U5dQYPuX59x7jcIwigGjBhrA3rZICCg=",
        "owner": "notashelf",
        "repo": "nvf",
        "rev": "d5efd7cc1aaa3906537e92d35494e8b35aad778d",
        "type": "github"
      },
      "original": {
        "owner": "notashelf",
        "ref": "v0.8",
        "repo": "nvf",
        "type": "github"
      }
    },
    "root": {
      "inputs": {
        "catppuccin": "catppuccin",
        "dankMaterialShell": "dankMaterialShell",
        "dgop": "dgop",
        "home-manager": "home-manager",
        "matugen": "matugen",
        "ned": "ned",
        "niri": "niri",
        "nixpkgs": "nixpkgs_2",
        "sops-nix": "sops-nix"
      }
    },
    "rust-overlay": {
      "inputs": {
        "nixpkgs": [
          "ned",
          "fff-nvim",
          "nixpkgs"
        ]
      },
      "locked": {
        "lastModified": 1756866691,
        "narHash": "sha256-YWJsM0HfdFLcaoP5OeyzjX6MjGnJ0Acm+bg1QN8MKjo=",
        "owner": "oxalica",
        "repo": "rust-overlay",
        "rev": "fb6dab6f320291a8edd31c1d67f078c6f7384a02",
        "type": "github"
      },
      "original": {
        "owner": "oxalica",
        "repo": "rust-overlay",
        "type": "github"
      }
    },
    "sops-nix": {
      "inputs": {
        "nixpkgs": [
          "nixpkgs"
        ]
      },
      "locked": {
        "lastModified": 1764483358,
        "narHash": "sha256-EyyvCzXoHrbL467YSsQBTWWg4sR96MH1sPpKoSOelB4=",
        "owner": "Mic92",
        "repo": "sops-nix",
        "rev": "5aca6ff67264321d47856a2ed183729271107c9c",
        "type": "github"
      },
      "original": {
        "owner": "Mic92",
        "repo": "sops-nix",
        "type": "github"
      }
    },
    "systems": {
      "locked": {
        "lastModified": 1689347949,
        "narHash": "sha256-12tWmuL2zgBgZkdoB6qXZsgJEH9LR3oUgpaQq2RbI80=",
        "owner": "nix-systems",
        "repo": "default-linux",
        "rev": "31732fcf5e8fea42e59c2488ad31a0e651500f68",
        "type": "github"
      },
      "original": {
        "owner": "nix-systems",
        "repo": "default-linux",
        "type": "github"
      }
    },
    "systems_2": {
      "locked": {
        "lastModified": 1681028828,
        "narHash": "sha256-Vy1rq5AaRuLzOxct8nz4T6wlgyUR7zLU309k9mBC768=",
        "owner": "nix-systems",
        "repo": "default",
        "rev": "da67096a3b9bf56a91d16901293e51ba5b49a27e",
        "type": "github"
      },
      "original": {
        "owner": "nix-systems",
        "repo": "default",
        "type": "github"
      }
    },
    "systems_3": {
      "locked": {
        "lastModified": 1681028828,
        "narHash": "sha256-Vy1rq5AaRuLzOxct8nz4T6wlgyUR7zLU309k9mBC768=",
        "owner": "nix-systems",
        "repo": "default",
        "rev": "da67096a3b9bf56a91d16901293e51ba5b49a27e",
        "type": "github"
      },
      "original": {
        "owner": "nix-systems",
        "repo": "default",
        "type": "github"
      }
    },
    "systems_4": {
      "locked": {
        "lastModified": 1681028828,
        "narHash": "sha256-Vy1rq5AaRuLzOxct8nz4T6wlgyUR7zLU309k9mBC768=",
        "owner": "nix-systems",
        "repo": "default",
        "rev": "da67096a3b9bf56a91d16901293e51ba5b49a27e",
        "type": "github"
      },
      "original": {
        "owner": "nix-systems",
        "repo": "default",
        "type": "github"
      }
    },
    "xwayland-satellite-stable": {
      "flake": false,
      "locked": {
        "lastModified": 1755491097,
        "narHash": "sha256-m+9tUfsmBeF2Gn4HWa6vSITZ4Gz1eA1F5Kh62B0N4oE=",
        "owner": "Supreeeme",
        "repo": "xwayland-satellite",
        "rev": "388d291e82ffbc73be18169d39470f340707edaa",
        "type": "github"
      },
      "original": {
        "owner": "Supreeeme",
        "ref": "v0.7",
        "repo": "xwayland-satellite",
        "type": "github"
      }
    },
    "xwayland-satellite-unstable": {
      "flake": false,
      "locked": {
        "lastModified": 1764655870,
        "narHash": "sha256-YO31FdrzZUjOzjfgs4nvSH2scTtPUaw/eENi+LG+E74=",
        "owner": "Supreeeme",
        "repo": "xwayland-satellite",
        "rev": "6a5150c45c77c16ae4d79a8847a1cc1b2f26cc5c",
        "type": "github"
      },
      "original": {
        "owner": "Supreeeme",
        "repo": "xwayland-satellite",
        "type": "github"
      }
    }
  },
  "root": "root",
  "version": 7
}
